// !$*UTF8*$!
{
	archiveVersion = 1;
	classes = {
	};
	objectVersion = 56;
	objects = {

/* Begin PBXBuildFile section */
		B73060622946A138003FD9C3 /* AstronautView.swift in Sources */ = {isa = PBXBuildFile; fileRef = B73060612946A138003FD9C3 /* AstronautView.swift */; };
		B7F9A5EF293F29FD0098665B /* MoonshotApp.swift in Sources */ = {isa = PBXBuildFile; fileRef = B7F9A5EE293F29FD0098665B /* MoonshotApp.swift */; };
		B7F9A5F1293F29FD0098665B /* ContentView.swift in Sources */ = {isa = PBXBuildFile; fileRef = B7F9A5F0293F29FD0098665B /* ContentView.swift */; };
		B7F9A5F3293F29FE0098665B /* Assets.xcassets in Resources */ = {isa = PBXBuildFile; fileRef = B7F9A5F2293F29FE0098665B /* Assets.xcassets */; };
		B7F9A5F6293F29FE0098665B /* Preview Assets.xcassets in Resources */ = {isa = PBXBuildFile; fileRef = B7F9A5F5293F29FE0098665B /* Preview Assets.xcassets */; };
		B7F9A622294320C20098665B /* astronauts.json in Resources */ = {isa = PBXBuildFile; fileRef = B7F9A620294320C20098665B /* astronauts.json */; };
		B7F9A623294320C20098665B /* missions.json in Resources */ = {isa = PBXBuildFile; fileRef = B7F9A621294320C20098665B /* missions.json */; };
		B7F9A625294321050098665B /* Astronaut.swift in Sources */ = {isa = PBXBuildFile; fileRef = B7F9A624294321050098665B /* Astronaut.swift */; };
		B7F9A627294321520098665B /* Bundle-Decodable.swift in Sources */ = {isa = PBXBuildFile; fileRef = B7F9A626294321520098665B /* Bundle-Decodable.swift */; };
		B7F9A629294322FF0098665B /* Mission.swift in Sources */ = {isa = PBXBuildFile; fileRef = B7F9A628294322FF0098665B /* Mission.swift */; };
		B7F9A62B29445A590098665B /* MissonView.swift in Sources */ = {isa = PBXBuildFile; fileRef = B7F9A62A29445A590098665B /* MissonView.swift */; };
/* End PBXBuildFile section */

/* Begin PBXFileReference section */
		B73060612946A138003FD9C3 /* AstronautView.swift */ = {isa = PBXFileReference; lastKnownFileType = sourcecode.swift; path = AstronautView.swift; sourceTree = "<group>"; };
		B7F9A5EB293F29FD0098665B /* Moonshot.app */ = {isa = PBXFileReference; explicitFileType = wrapper.application; includeInIndex = 0; path = Moonshot.app; sourceTree = BUILT_PRODUCTS_DIR; };
		B7F9A5EE293F29FD0098665B /* MoonshotApp.swift */ = {isa = PBXFileReference; lastKnownFileType = sourcecode.swift; path = MoonshotApp.swift; sourceTree = "<group>"; };
		B7F9A5F0293F29FD0098665B /* ContentView.swift */ = {isa = PBXFileReference; lastKnownFileType = sourcecode.swift; path = ContentView.swift; sourceTree = "<group>"; };
		B7F9A5F2293F29FE0098665B /* Assets.xcassets */ = {isa = PBXFileReference; lastKnownFileType = folder.assetcatalog; path = Assets.xcassets; sourceTree = "<group>"; };
		B7F9A5F5293F29FE0098665B /* Preview Assets.xcassets */ = {isa = PBXFileReference; lastKnownFileType = folder.assetcatalog; path = "Preview Assets.xcassets"; sourceTree = "<group>"; };
		B7F9A620294320C20098665B /* astronauts.json */ = {isa = PBXFileReference; fileEncoding = 4; lastKnownFileType = text.json; path = astronauts.json; sourceTree = "<group>"; };
		B7F9A621294320C20098665B /* missions.json */ = {isa = PBXFileReference; fileEncoding = 4; lastKnownFileType = text.json; path = missions.json; sourceTree = "<group>"; };
		B7F9A624294321050098665B /* Astronaut.swift */ = {isa = PBXFileReference; lastKnownFileType = sourcecode.swift; path = Astronaut.swift; sourceTree = "<group>"; };
		B7F9A626294321520098665B /* Bundle-Decodable.swift */ = {isa = PBXFileReference; lastKnownFileType = sourcecode.swift; path = "Bundle-Decodable.swift"; sourceTree = "<group>"; };
		B7F9A628294322FF0098665B /* Mission.swift */ = {isa = PBXFileReference; lastKnownFileType = sourcecode.swift; path = Mission.swift; sourceTree = "<group>"; };
		B7F9A62A29445A590098665B /* MissonView.swift */ = {isa = PBXFileReference; lastKnownFileType = sourcecode.swift; path = MissonView.swift; sourceTree = "<group>"; };
/* End PBXFileReference section */

/* Begin PBXFrameworksBuildPhase section */
		B7F9A5E8293F29FD0098665B /* Frameworks */ = {
			isa = PBXFrameworksBuildPhase;
			buildActionMask = 2147483647;
			files = (
			);
			runOnlyForDeploymentPostprocessing = 0;
		};
/* End PBXFrameworksBuildPhase section */

/* Begin PBXGroup section */
		B7F9A5E2293F29FD0098665B = {
			isa = PBXGroup;
			children = (
				B7F9A5ED293F29FD0098665B /* Moonshot */,
				B7F9A5EC293F29FD0098665B /* Products */,
			);
			sourceTree = "<group>";
		};
		B7F9A5EC293F29FD0098665B /* Products */ = {
			isa = PBXGroup;
			children = (
				B7F9A5EB293F29FD0098665B /* Moonshot.app */,
			);
			name = Products;
			sourceTree = "<group>";
		};
		B7F9A5ED293F29FD0098665B /* Moonshot */ = {
			isa = PBXGroup;
			children = (
				B7F9A620294320C20098665B /* astronauts.json */,
				B7F9A621294320C20098665B /* missions.json */,
				B7F9A5EE293F29FD0098665B /* MoonshotApp.swift */,
				B7F9A5F0293F29FD0098665B /* ContentView.swift */,
				B7F9A5F2293F29FE0098665B /* Assets.xcassets */,
				B7F9A5F4293F29FE0098665B /* Preview Content */,
				B7F9A624294321050098665B /* Astronaut.swift */,
				B7F9A626294321520098665B /* Bundle-Decodable.swift */,
				B7F9A628294322FF0098665B /* Mission.swift */,
				B7F9A62A29445A590098665B /* MissonView.swift */,
				B73060612946A138003FD9C3 /* AstronautView.swift */,
			);
			path = Moonshot;
			sourceTree = "<group>";
		};
		B7F9A5F4293F29FE0098665B /* Preview Content */ = {
			isa = PBXGroup;
			children = (
				B7F9A5F5293F29FE0098665B /* Preview Assets.xcassets */,
			);
			path = "Preview Content";
			sourceTree = "<group>";
		};
/* End PBXGroup section */

/* Begin PBXNativeTarget section */
		B7F9A5EA293F29FD0098665B /* Moonshot */ = {
			isa = PBXNativeTarget;
			buildConfigurationList = B7F9A5F9293F29FE0098665B /* Build configuration list for PBXNativeTarget "Moonshot" */;
			buildPhases = (
				B7F9A5E7293F29FD0098665B /* Sources */,
				B7F9A5E8293F29FD0098665B /* Frameworks */,
				B7F9A5E9293F29FD0098665B /* Resources */,
			);
			buildRules = (
			);
			dependencies = (
			);
			name = Moonshot;
			productName = Moonshot;
			productReference = B7F9A5EB293F29FD0098665B /* Moonshot.app */;
			productType = "com.apple.product-type.application";
		};
/* End PBXNativeTarget section */

/* Begin PBXProject section */
		B7F9A5E3293F29FD0098665B /* Project object */ = {
			isa = PBXProject;
			attributes = {
				BuildIndependentTargetsInParallel = 1;
				LastSwiftUpdateCheck = 1410;
				LastUpgradeCheck = 1410;
				TargetAttributes = {
					B7F9A5EA293F29FD0098665B = {
						CreatedOnToolsVersion = 14.1;
					};
				};
			};
			buildConfigurationList = B7F9A5E6293F29FD0098665B /* Build configuration list for PBXProject "Moonshot" */;
			compatibilityVersion = "Xcode 14.0";
			developmentRegion = en;
			hasScannedForEncodings = 0;
			knownRegions = (
				en,
				Base,
			);
			mainGroup = B7F9A5E2293F29FD0098665B;
			productRefGroup = B7F9A5EC293F29FD0098665B /* Products */;
			projectDirPath = "";
			projectRoot = "";
			targets = (
				B7F9A5EA293F29FD0098665B /* Moonshot */,
			);
		};
/* End PBXProject section */

/* Begin PBXResourcesBuildPhase section */
		B7F9A5E9293F29FD0098665B /* Resources */ = {
			isa = PBXResourcesBuildPhase;
			buildActionMask = 2147483647;
			files = (
				B7F9A622294320C20098665B /* astronauts.json in Resources */,
				B7F9A5F6293F29FE0098665B /* Preview Assets.xcassets in Resources */,
				B7F9A623294320C20098665B /* missions.json in Resources */,
				B7F9A5F3293F29FE0098665B /* Assets.xcassets in Resources */,
			);
			runOnlyForDeploymentPostprocessing = 0;
		};
/* End PBXResourcesBuildPhase section */

/* Begin PBXSourcesBuildPhase section */
		B7F9A5E7293F29FD0098665B /* Sources */ = {
			isa = PBXSourcesBuildPhase;
			buildActionMask = 2147483647;
			files = (
				B73060622946A138003FD9C3 /* AstronautView.swift in Sources */,
				B7F9A625294321050098665B /* Astronaut.swift in Sources */,
				B7F9A5F1293F29FD0098665B /* ContentView.swift in Sources */,
				B7F9A5EF293F29FD0098665B /* MoonshotApp.swift in Sources */,
				B7F9A62B29445A590098665B /* MissonView.swift in Sources */,
				B7F9A629294322FF0098665B /* Mission.swift in Sources */,
				B7F9A627294321520098665B /* Bundle-Decodable.swift in Sources */,
			);
			runOnlyForDeploymentPostprocessing = 0;
		};
/* End PBXSourcesBuildPhase section */

/* Begin XCBuildConfiguration section */
		B7F9A5F7293F29FE0098665B /* Debug */ = {
			isa = XCBuildConfiguration;
			buildSettings = {
				ALWAYS_SEARCH_USER_PATHS = NO;
				CLANG_ANALYZER_NONNULL = YES;
				CLANG_ANALYZER_NUMBER_OBJECT_CONVERSION = YES_AGGRESSIVE;
				CLANG_CXX_LANGUAGE_STANDARD = "gnu++20";
				CLANG_ENABLE_MODULES = YES;
				CLANG_ENABLE_OBJC_ARC = YES;
				CLANG_ENABLE_OBJC_WEAK = YES;
				CLANG_WARN_BLOCK_CAPTURE_AUTORELEASING = YES;
				CLANG_WARN_BOOL_CONVERSION = YES;
				CLANG_WARN_COMMA = YES;
				CLANG_WARN_CONSTANT_CONVERSION = YES;
				CLANG_WARN_DEPRECATED_OBJC_IMPLEMENTATIONS = YES;
				CLANG_WARN_DIRECT_OBJC_ISA_USAGE = YES_ERROR;
				CLANG_WARN_DOCUMENTATION_COMMENTS = YES;
				CLANG_WARN_EMPTY_BODY = YES;
				CLANG_WARN_ENUM_CONVERSION = YES;
				CLANG_WARN_INFINITE_RECURSION = YES;
				CLANG_WARN_INT_CONVERSION = YES;
				CLANG_WARN_NON_LITERAL_NULL_CONVERSION = YES;
				CLANG_WARN_OBJC_IMPLICIT_RETAIN_SELF = YES;
				CLANG_WARN_OBJC_LITERAL_CONVERSION = YES;
				CLANG_WARN_OBJC_ROOT_CLASS = YES_ERROR;
				CLANG_WARN_QUOTED_INCLUDE_IN_FRAMEWORK_HEADER = YES;
				CLANG_WARN_RANGE_LOOP_ANALYSIS = YES;
				CLANG_WARN_STRICT_PROTOTYPES = YES;
				CLANG_WARN_SUSPICIOUS_MOVE = YES;
				CLANG_WARN_UNGUARDED_AVAILABILITY = YES_AGGRESSIVE;
				CLANG_WARN_UNREACHABLE_CODE = YES;
				CLANG_WARN__DUPLICATE_METHOD_MATCH = YES;
				COPY_PHASE_STRIP = NO;
				DEBUG_INFORMATION_FORMAT = dwarf;
				ENABLE_STRICT_OBJC_MSGSEND = YES;
				ENABLE_TESTABILITY = YES;
				GCC_C_LANGUAGE_STANDARD = gnu11;
				GCC_DYNAMIC_NO_PIC = NO;
				GCC_NO_COMMON_BLOCKS = YES;
				GCC_OPTIMIZATION_LEVEL = 0;
				GCC_PREPROCESSOR_DEFINITIONS = (
					"DEBUG=1",
					"$(inherited)",
				);
				GCC_WARN_64_TO_32_BIT_CONVERSION = YES;
				GCC_WARN_ABOUT_RETURN_TYPE = YES_ERROR;
				GCC_WARN_UNDECLARED_SELECTOR = YES;
				GCC_WARN_UNINITIALIZED_AUTOS = YES_AGGRESSIVE;
				GCC_WARN_UNUSED_FUNCTION = YES;
				GCC_WARN_UNUSED_VARIABLE = YES;
				IPHONEOS_DEPLOYMENT_TARGET = 16.1;
				MTL_ENABLE_DEBUG_INFO = INCLUDE_SOURCE;
				MTL_FAST_MATH = YES;
				ONLY_ACTIVE_ARCH = YES;
				SDKROOT = iphoneos;
				SWIFT_ACTIVE_COMPILATION_CONDITIONS = DEBUG;
				SWIFT_OPTIMIZATION_LEVEL = "-Onone";
			};
			name = Debug;
		};
		B7F9A5F8293F29FE0098665B /* Release */ = {
			isa = XCBuildConfiguration;
			buildSettings = {
				ALWAYS_SEARCH_USER_PATHS = NO;
				CLANG_ANALYZER_NONNULL = YES;
				CLANG_ANALYZER_NUMBER_OBJECT_CONVERSION = YES_AGGRESSIVE;
				CLANG_CXX_LANGUAGE_STANDARD = "gnu++20";
				CLANG_ENABLE_MODULES = YES;
				CLANG_ENABLE_OBJC_ARC = YES;
				CLANG_ENABLE_OBJC_WEAK = YES;
				CLANG_WARN_BLOCK_CAPTURE_AUTORELEASING = YES;
				CLANG_WARN_BOOL_CONVERSION = YES;
				CLANG_WARN_COMMA = YES;
				CLANG_WARN_CONSTANT_CONVERSION = YES;
				CLANG_WARN_DEPRECATED_OBJC_IMPLEMENTATIONS = YES;
				CLANG_WARN_DIRECT_OBJC_ISA_USAGE = YES_ERROR;
				CLANG_WARN_DOCUMENTATION_COMMENTS = YES;
				CLANG_WARN_EMPTY_BODY = YES;
				CLANG_WARN_ENUM_CONVERSION = YES;
				CLANG_WARN_INFINITE_RECURSION = YES;
				CLANG_WARN_INT_CONVERSION = YES;
				CLANG_WARN_NON_LITERAL_NULL_CONVERSION = YES;
				CLANG_WARN_OBJC_IMPLICIT_RETAIN_SELF = YES;
				CLANG_WARN_OBJC_LITERAL_CONVERSION = YES;
				CLANG_WARN_OBJC_ROOT_CLASS = YES_ERROR;
				CLANG_WARN_QUOTED_INCLUDE_IN_FRAMEWORK_HEADER = YES;
				CLANG_WARN_RANGE_LOOP_ANALYSIS = YES;
				CLANG_WARN_STRICT_PROTOTYPES = YES;
				CLANG_WARN_SUSPICIOUS_MOVE = YES;
				CLANG_WARN_UNGUARDED_AVAILABILITY = YES_AGGRESSIVE;
				CLANG_WARN_UNREACHABLE_CODE = YES;
				CLANG_WARN__DUPLICATE_METHOD_MATCH = YES;
				COPY_PHASE_STRIP = NO;
				DEBUG_INFORMATION_FORMAT = "dwarf-with-dsym";
				ENABLE_NS_ASSERTIONS = NO;
				ENABLE_STRICT_OBJC_MSGSEND = YES;
				GCC_C_LANGUAGE_STANDARD = gnu11;
				GCC_NO_COMMON_BLOCKS = YES;
				GCC_WARN_64_TO_32_BIT_CONVERSION = YES;
				GCC_WARN_ABOUT_RETURN_TYPE = YES_ERROR;
				GCC_WARN_UNDECLARED_SELECTOR = YES;
				GCC_WARN_UNINITIALIZED_AUTOS = YES_AGGRESSIVE;
				GCC_WARN_UNUSED_FUNCTION = YES;
				GCC_WARN_UNUSED_VARIABLE = YES;
				IPHONEOS_DEPLOYMENT_TARGET = 16.1;
				MTL_ENABLE_DEBUG_INFO = NO;
				MTL_FAST_MATH = YES;
				SDKROOT = iphoneos;
				SWIFT_COMPILATION_MODE = wholemodule;
				SWIFT_OPTIMIZATION_LEVEL = "-O";
				VALIDATE_PRODUCT = YES;
			};
			name = Release;
		};
		B7F9A5FA293F29FE0098665B /* Debug */ = {
			isa = XCBuildConfiguration;
			buildSettings = {
				ASSETCATALOG_COMPILER_APPICON_NAME = AppIcon;
				ASSETCATALOG_COMPILER_GLOBAL_ACCENT_COLOR_NAME = AccentColor;
				CODE_SIGN_STYLE = Automatic;
				CURRENT_PROJECT_VERSION = 1;
				DEVELOPMENT_ASSET_PATHS = "\"Moonshot/Preview Content\"";
				DEVELOPMENT_TEAM = CA9WMZNZUR;
				ENABLE_PREVIEWS = YES;
				GENERATE_INFOPLIST_FILE = YES;
				INFOPLIST_KEY_UIApplicationSceneManifest_Generation = YES;
				INFOPLIST_KEY_UIApplicationSupportsIndirectInputEvents = YES;
				INFOPLIST_KEY_UILaunchScreen_Generation = YES;
				INFOPLIST_KEY_UISupportedInterfaceOrientations_iPad = "UIInterfaceOrientationPortrait UIInterfaceOrientationPortraitUpsideDown UIInterfaceOrientationLandscapeLeft UIInterfaceOrientationLandscapeRight";
				INFOPLIST_KEY_UISupportedInterfaceOrientations_iPhone = "UIInterfaceOrientationPortrait UIInterfaceOrientationLandscapeLeft UIInterfaceOrientationLandscapeRight";
				LD_RUNPATH_SEARCH_PATHS = (
					"$(inherited)",
					"@executable_path/Frameworks",
				);
				MARKETING_VERSION = 1.0;
				PRODUCT_BUNDLE_IDENTIFIER = com.nonaka.Moonshot;
				PRODUCT_NAME = "$(TARGET_NAME)";
				SWIFT_EMIT_LOC_STRINGS = YES;
				SWIFT_VERSION = 5.0;
				TARGETED_DEVICE_FAMILY = "1,2";
			};
			name = Debug;
		};
		B7F9A5FB293F29FE0098665B /* Release */ = {
			isa = XCBuildConfiguration;
			buildSettings = {
				ASSETCATALOG_COMPILER_APPICON_NAME = AppIcon;
				ASSETCATALOG_COMPILER_GLOBAL_ACCENT_COLOR_NAME = AccentColor;
				CODE_SIGN_STYLE = Automatic;
				CURRENT_PROJECT_VERSION = 1;
				DEVELOPMENT_ASSET_PATHS = "\"Moonshot/Preview Content\"";
				DEVELOPMENT_TEAM = CA9WMZNZUR;
				ENABLE_PREVIEWS = YES;
				GENERATE_INFOPLIST_FILE = YES;
				INFOPLIST_KEY_UIApplicationSceneManifest_Generation = YES;
				INFOPLIST_KEY_UIApplicationSupportsIndirectInputEvents = YES;
				INFOPLIST_KEY_UILaunchScreen_Generation = YES;
				INFOPLIST_KEY_UISupportedInterfaceOrientations_iPad = "UIInterfaceOrientationPortrait UIInterfaceOrientationPortraitUpsideDown UIInterfaceOrientationLandscapeLeft UIInterfaceOrientationLandscapeRight";
				INFOPLIST_KEY_UISupportedInterfaceOrientations_iPhone = "UIInterfaceOrientationPortrait UIInterfaceOrientationLandscapeLeft UIInterfaceOrientationLandscapeRight";
				LD_RUNPATH_SEARCH_PATHS = (
					"$(inherited)",
					"@executable_path/Frameworks",
				);
				MARKETING_VERSION = 1.0;
				PRODUCT_BUNDLE_IDENTIFIER = com.nonaka.Moonshot;
				PRODUCT_NAME = "$(TARGET_NAME)";
				SWIFT_EMIT_LOC_STRINGS = YES;
				SWIFT_VERSION = 5.0;
				TARGETED_DEVICE_FAMILY = "1,2";
			};
			name = Release;
		};
/* End XCBuildConfiguration section */

/* Begin XCConfigurationList section */
		B7F9A5E6293F29FD0098665B /* Build configuration list for PBXProject "Moonshot" */ = {
			isa = XCConfigurationList;
			buildConfigurations = (
				B7F9A5F7293F29FE0098665B /* Debug */,
				B7F9A5F8293F29FE0098665B /* Release */,
			);
			defaultConfigurationIsVisible = 0;
			defaultConfigurationName = Release;
		};
		B7F9A5F9293F29FE0098665B /* Build configuration list for PBXNativeTarget "Moonshot" */ = {
			isa = XCConfigurationList;
			buildConfigurations = (
				B7F9A5FA293F29FE0098665B /* Debug */,
				B7F9A5FB293F29FE0098665B /* Release */,
			);
			defaultConfigurationIsVisible = 0;
			defaultConfigurationName = Release;
		};
/* End XCConfigurationList section */
	};
	rootObject = B7F9A5E3293F29FD0098665B /* Project object */;
}
